
Microsoft Visual Studio Solution File, Format Version 12.00
# Visual Studio Version 17
VisualStudioVersion = 17.8.34525.116
MinimumVisualStudioVersion = 10.0.40219.1
Project("{9A19103F-16F7-4668-BE54-9A1E7A4F7556}") = "Northwind.Common", "Northwind.Common\Northwind.Common.csproj", "{D2226F35-DD9F-4371-87E5-8D36CA77BDE6}"
EndProject
Project("{9A19103F-16F7-4668-BE54-9A1E7A4F7556}") = "Northwind.SignalR.Service.Client.Mvc", "..\Northwind.SignalR.Service.Client.Mvc\Northwind.SignalR.Service.Client.Mvc\Northwind.SignalR.Service.Client.Mvc.csproj", "{34CF347E-8DBE-44C6-9814-50B0653951AA}"
EndProject
Project("{9A19103F-16F7-4668-BE54-9A1E7A4F7556}") = "Northwind.SignalR.Client.Console", "..\Northwind.SignalR.Client.Console\Northwind.SignalR.Client.Console\Northwind.SignalR.Client.Console.csproj", "{30E8EB90-A132-4374-A210-EB1447016EA7}"
EndProject
Project("{FAE04EC0-301F-11D3-BF4B-00C04F79EFBC}") = "Northwind.SignalR.Client.Console.Streams", "..\Northwind.SignalR.Client.Console.Streams\Northwind.SignalR.Client.Console.Streams\Northwind.SignalR.Client.Console.Streams.csproj", "{528B6820-7E97-482B-9DEF-DAC0DF024CEC}"
EndProject
Global
	GlobalSection(SolutionConfigurationPlatforms) = preSolution
		Debug|Any CPU = Debug|Any CPU
		Release|Any CPU = Release|Any CPU
	EndGlobalSection
	GlobalSection(ProjectConfigurationPlatforms) = postSolution
		{D2226F35-DD9F-4371-87E5-8D36CA77BDE6}.Debug|Any CPU.ActiveCfg = Debug|Any CPU
		{D2226F35-DD9F-4371-87E5-8D36CA77BDE6}.Debug|Any CPU.Build.0 = Debug|Any CPU
		{D2226F35-DD9F-4371-87E5-8D36CA77BDE6}.Release|Any CPU.ActiveCfg = Release|Any CPU
		{D2226F35-DD9F-4371-87E5-8D36CA77BDE6}.Release|Any CPU.Build.0 = Release|Any CPU
		{34CF347E-8DBE-44C6-9814-50B0653951AA}.Debug|Any CPU.ActiveCfg = Debug|Any CPU
		{34CF347E-8DBE-44C6-9814-50B0653951AA}.Debug|Any CPU.Build.0 = Debug|Any CPU
		{34CF347E-8DBE-44C6-9814-50B0653951AA}.Release|Any CPU.ActiveCfg = Release|Any CPU
		{34CF347E-8DBE-44C6-9814-50B0653951AA}.Release|Any CPU.Build.0 = Release|Any CPU
		{30E8EB90-A132-4374-A210-EB1447016EA7}.Debug|Any CPU.ActiveCfg = Debug|Any CPU
		{30E8EB90-A132-4374-A210-EB1447016EA7}.Debug|Any CPU.Build.0 = Debug|Any CPU
		{30E8EB90-A132-4374-A210-EB1447016EA7}.Release|Any CPU.ActiveCfg = Release|Any CPU
		{30E8EB90-A132-4374-A210-EB1447016EA7}.Release|Any CPU.Build.0 = Release|Any CPU
		{528B6820-7E97-482B-9DEF-DAC0DF024CEC}.Debug|Any CPU.ActiveCfg = Debug|Any CPU
		{528B6820-7E97-482B-9DEF-DAC0DF024CEC}.Debug|Any CPU.Build.0 = Debug|Any CPU
		{528B6820-7E97-482B-9DEF-DAC0DF024CEC}.Release|Any CPU.ActiveCfg = Release|Any CPU
		{528B6820-7E97-482B-9DEF-DAC0DF024CEC}.Release|Any CPU.Build.0 = Release|Any CPU
	EndGlobalSection
	GlobalSection(SolutionProperties) = preSolution
		HideSolutionNode = FALSE
	EndGlobalSection
	GlobalSection(ExtensibilityGlobals) = postSolution
		SolutionGuid = {1D8D10FB-441B-4412-97B8-2A4F593BE17D}
	EndGlobalSection
EndGlobal
